// !$*UTF8*$!
{
	archiveVersion = 1;
	classes = {
	};
	objectVersion = 46;
	objects = {

/* Begin PBXBuildFile section */
		A90DCE9A040F7940AF9226B6 /* libPods.a in Frameworks */ = {isa = PBXBuildFile; fileRef = C7A3A88A84A8F1BD277D1B52 /* libPods.a */; };
		B117570B1BD0DB6C00A2133E /* main.m in Sources */ = {isa = PBXBuildFile; fileRef = B117570A1BD0DB6C00A2133E /* main.m */; };
		B117570E1BD0DB6C00A2133E /* AppDelegate.m in Sources */ = {isa = PBXBuildFile; fileRef = B117570D1BD0DB6C00A2133E /* AppDelegate.m */; };
		B11757111BD0DB6C00A2133E /* ViewController.m in Sources */ = {isa = PBXBuildFile; fileRef = B11757101BD0DB6C00A2133E /* ViewController.m */; };
		B11757141BD0DB6C00A2133E /* Main.storyboard in Resources */ = {isa = PBXBuildFile; fileRef = B11757121BD0DB6C00A2133E /* Main.storyboard */; };
		B11757161BD0DB6C00A2133E /* Assets.xcassets in Resources */ = {isa = PBXBuildFile; fileRef = B11757151BD0DB6C00A2133E /* Assets.xcassets */; };
		B11757191BD0DB6C00A2133E /* LaunchScreen.storyboard in Resources */ = {isa = PBXBuildFile; fileRef = B11757171BD0DB6C00A2133E /* LaunchScreen.storyboard */; };
		B11757241BD0DB6C00A2133E /* eCommTests.m in Sources */ = {isa = PBXBuildFile; fileRef = B11757231BD0DB6C00A2133E /* eCommTests.m */; };
		B117572F1BD0DB6C00A2133E /* eCommUITests.m in Sources */ = {isa = PBXBuildFile; fileRef = B117572E1BD0DB6C00A2133E /* eCommUITests.m */; };
/* End PBXBuildFile section */

/* Begin PBXContainerItemProxy section */
		B11757201BD0DB6C00A2133E /* PBXContainerItemProxy */ = {
			isa = PBXContainerItemProxy;
			containerPortal = B11756FE1BD0DB6C00A2133E /* Project object */;
			proxyType = 1;
			remoteGlobalIDString = B11757051BD0DB6C00A2133E;
			remoteInfo = eComm;
		};
		B117572B1BD0DB6C00A2133E /* PBXContainerItemProxy */ = {
			isa = PBXContainerItemProxy;
			containerPortal = B11756FE1BD0DB6C00A2133E /* Project object */;
			proxyType = 1;
			remoteGlobalIDString = B11757051BD0DB6C00A2133E;
			remoteInfo = eComm;
		};
/* End PBXContainerItemProxy section */

/* Begin PBXFileReference section */
		7D01EFFD849BB92341BF4D13 /* Pods.release.xcconfig */ = {isa = PBXFileReference; includeInIndex = 1; lastKnownFileType = text.xcconfig; name = Pods.release.xcconfig; path = "Pods/Target Support Files/Pods/Pods.release.xcconfig"; sourceTree = "<group>"; };
		B11757061BD0DB6C00A2133E /* eComm.app */ = {isa = PBXFileReference; explicitFileType = wrapper.application; includeInIndex = 0; path = eComm.app; sourceTree = BUILT_PRODUCTS_DIR; };
		B117570A1BD0DB6C00A2133E /* main.m */ = {isa = PBXFileReference; lastKnownFileType = sourcecode.c.objc; path = main.m; sourceTree = "<group>"; };
		B117570C1BD0DB6C00A2133E /* AppDelegate.h */ = {isa = PBXFileReference; lastKnownFileType = sourcecode.c.h; path = AppDelegate.h; sourceTree = "<group>"; };
		B117570D1BD0DB6C00A2133E /* AppDelegate.m */ = {isa = PBXFileReference; lastKnownFileType = sourcecode.c.objc; path = AppDelegate.m; sourceTree = "<group>"; };
		B117570F1BD0DB6C00A2133E /* ViewController.h */ = {isa = PBXFileReference; lastKnownFileType = sourcecode.c.h; path = ViewController.h; sourceTree = "<group>"; };
		B11757101BD0DB6C00A2133E /* ViewController.m */ = {isa = PBXFileReference; lastKnownFileType = sourcecode.c.objc; path = ViewController.m; sourceTree = "<group>"; };
		B11757131BD0DB6C00A2133E /* Base */ = {isa = PBXFileReference; lastKnownFileType = file.storyboard; name = Base; path = Base.lproj/Main.storyboard; sourceTree = "<group>"; };
		B11757151BD0DB6C00A2133E /* Assets.xcassets */ = {isa = PBXFileReference; lastKnownFileType = folder.assetcatalog; path = Assets.xcassets; sourceTree = "<group>"; };
		B11757181BD0DB6C00A2133E /* Base */ = {isa = PBXFileReference; lastKnownFileType = file.storyboard; name = Base; path = Base.lproj/LaunchScreen.storyboard; sourceTree = "<group>"; };
		B117571A1BD0DB6C00A2133E /* Info.plist */ = {isa = PBXFileReference; lastKnownFileType = text.plist.xml; path = Info.plist; sourceTree = "<group>"; };
		B117571F1BD0DB6C00A2133E /* eCommTests.xctest */ = {isa = PBXFileReference; explicitFileType = wrapper.cfbundle; includeInIndex = 0; path = eCommTests.xctest; sourceTree = BUILT_PRODUCTS_DIR; };
		B11757231BD0DB6C00A2133E /* eCommTests.m */ = {isa = PBXFileReference; lastKnownFileType = sourcecode.c.objc; path = eCommTests.m; sourceTree = "<group>"; };
		B11757251BD0DB6C00A2133E /* Info.plist */ = {isa = PBXFileReference; lastKnownFileType = text.plist.xml; path = Info.plist; sourceTree = "<group>"; };
		B117572A1BD0DB6C00A2133E /* eCommUITests.xctest */ = {isa = PBXFileReference; explicitFileType = wrapper.cfbundle; includeInIndex = 0; path = eCommUITests.xctest; sourceTree = BUILT_PRODUCTS_DIR; };
		B117572E1BD0DB6C00A2133E /* eCommUITests.m */ = {isa = PBXFileReference; lastKnownFileType = sourcecode.c.objc; path = eCommUITests.m; sourceTree = "<group>"; };
		B11757301BD0DB6C00A2133E /* Info.plist */ = {isa = PBXFileReference; lastKnownFileType = text.plist.xml; path = Info.plist; sourceTree = "<group>"; };
		C4EB6CB2D5FE7FD59168C46A /* Pods.debug.xcconfig */ = {isa = PBXFileReference; includeInIndex = 1; lastKnownFileType = text.xcconfig; name = Pods.debug.xcconfig; path = "Pods/Target Support Files/Pods/Pods.debug.xcconfig"; sourceTree = "<group>"; };
		C7A3A88A84A8F1BD277D1B52 /* libPods.a */ = {isa = PBXFileReference; explicitFileType = archive.ar; includeInIndex = 0; path = libPods.a; sourceTree = BUILT_PRODUCTS_DIR; };
/* End PBXFileReference section */

/* Begin PBXFrameworksBuildPhase section */
		B11757031BD0DB6C00A2133E /* Frameworks */ = {
			isa = PBXFrameworksBuildPhase;
			buildActionMask = 2147483647;
			files = (
				A90DCE9A040F7940AF9226B6 /* libPods.a in Frameworks */,
			);
			runOnlyForDeploymentPostprocessing = 0;
		};
		B117571C1BD0DB6C00A2133E /* Frameworks */ = {
			isa = PBXFrameworksBuildPhase;
			buildActionMask = 2147483647;
			files = (
			);
			runOnlyForDeploymentPostprocessing = 0;
		};
		B11757271BD0DB6C00A2133E /* Frameworks */ = {
			isa = PBXFrameworksBuildPhase;
			buildActionMask = 2147483647;
			files = (
			);
			runOnlyForDeploymentPostprocessing = 0;
		};
/* End PBXFrameworksBuildPhase section */

/* Begin PBXGroup section */
		1BBA9ABEC77AC069300ACB9C /* Pods */ = {
			isa = PBXGroup;
			children = (
				C4EB6CB2D5FE7FD59168C46A /* Pods.debug.xcconfig */,
				7D01EFFD849BB92341BF4D13 /* Pods.release.xcconfig */,
			);
			name = Pods;
			sourceTree = "<group>";
		};
		B11756FD1BD0DB6C00A2133E = {
			isa = PBXGroup;
			children = (
				B11757081BD0DB6C00A2133E /* eComm */,
				B11757221BD0DB6C00A2133E /* eCommTests */,
				B117572D1BD0DB6C00A2133E /* eCommUITests */,
				B11757071BD0DB6C00A2133E /* Products */,
				1BBA9ABEC77AC069300ACB9C /* Pods */,
				F2FCBB56498C9AA8A174F194 /* Frameworks */,
			);
			sourceTree = "<group>";
		};
		B11757071BD0DB6C00A2133E /* Products */ = {
			isa = PBXGroup;
			children = (
				B11757061BD0DB6C00A2133E /* eComm.app */,
				B117571F1BD0DB6C00A2133E /* eCommTests.xctest */,
				B117572A1BD0DB6C00A2133E /* eCommUITests.xctest */,
			);
			name = Products;
			sourceTree = "<group>";
		};
		B11757081BD0DB6C00A2133E /* eComm */ = {
			isa = PBXGroup;
			children = (
				B117570C1BD0DB6C00A2133E /* AppDelegate.h */,
				B117570D1BD0DB6C00A2133E /* AppDelegate.m */,
				B117570F1BD0DB6C00A2133E /* ViewController.h */,
				B11757101BD0DB6C00A2133E /* ViewController.m */,
				B11757121BD0DB6C00A2133E /* Main.storyboard */,
				B11757151BD0DB6C00A2133E /* Assets.xcassets */,
				B11757171BD0DB6C00A2133E /* LaunchScreen.storyboard */,
				B117571A1BD0DB6C00A2133E /* Info.plist */,
				B11757091BD0DB6C00A2133E /* Supporting Files */,
			);
			path = eComm;
			sourceTree = "<group>";
		};
		B11757091BD0DB6C00A2133E /* Supporting Files */ = {
			isa = PBXGroup;
			children = (
				B117570A1BD0DB6C00A2133E /* main.m */,
			);
			name = "Supporting Files";
			sourceTree = "<group>";
		};
		B11757221BD0DB6C00A2133E /* eCommTests */ = {
			isa = PBXGroup;
			children = (
				B11757231BD0DB6C00A2133E /* eCommTests.m */,
				B11757251BD0DB6C00A2133E /* Info.plist */,
			);
			path = eCommTests;
			sourceTree = "<group>";
		};
		B117572D1BD0DB6C00A2133E /* eCommUITests */ = {
			isa = PBXGroup;
			children = (
				B117572E1BD0DB6C00A2133E /* eCommUITests.m */,
				B11757301BD0DB6C00A2133E /* Info.plist */,
			);
			path = eCommUITests;
			sourceTree = "<group>";
		};
		F2FCBB56498C9AA8A174F194 /* Frameworks */ = {
			isa = PBXGroup;
			children = (
				C7A3A88A84A8F1BD277D1B52 /* libPods.a */,
			);
			name = Frameworks;
			sourceTree = "<group>";
		};
/* End PBXGroup section */

/* Begin PBXNativeTarget section */
		B11757051BD0DB6C00A2133E /* eComm */ = {
			isa = PBXNativeTarget;
			buildConfigurationList = B11757331BD0DB6C00A2133E /* Build configuration list for PBXNativeTarget "eComm" */;
			buildPhases = (
				713A6F1B945F2D9E7CE2D558 /* Check Pods Manifest.lock */,
				B11757021BD0DB6C00A2133E /* Sources */,
				B11757031BD0DB6C00A2133E /* Frameworks */,
				B11757041BD0DB6C00A2133E /* Resources */,
				8BB8C226F0756B1DEE08A0FA /* Embed Pods Frameworks */,
				917B3BA5608838A2B241A160 /* Copy Pods Resources */,
			);
			buildRules = (
			);
			dependencies = (
			);
			name = eComm;
			productName = eComm;
			productReference = B11757061BD0DB6C00A2133E /* eComm.app */;
			productType = "com.apple.product-type.application";
		};
		B117571E1BD0DB6C00A2133E /* eCommTests */ = {
			isa = PBXNativeTarget;
			buildConfigurationList = B11757361BD0DB6C00A2133E /* Build configuration list for PBXNativeTarget "eCommTests" */;
			buildPhases = (
				B117571B1BD0DB6C00A2133E /* Sources */,
				B117571C1BD0DB6C00A2133E /* Frameworks */,
				B117571D1BD0DB6C00A2133E /* Resources */,
			);
			buildRules = (
			);
			dependencies = (
				B11757211BD0DB6C00A2133E /* PBXTargetDependency */,
			);
			name = eCommTests;
			productName = eCommTests;
			productReference = B117571F1BD0DB6C00A2133E /* eCommTests.xctest */;
			productType = "com.apple.product-type.bundle.unit-test";
		};
		B11757291BD0DB6C00A2133E /* eCommUITests */ = {
			isa = PBXNativeTarget;
			buildConfigurationList = B11757391BD0DB6C00A2133E /* Build configuration list for PBXNativeTarget "eCommUITests" */;
			buildPhases = (
				B11757261BD0DB6C00A2133E /* Sources */,
				B11757271BD0DB6C00A2133E /* Frameworks */,
				B11757281BD0DB6C00A2133E /* Resources */,
			);
			buildRules = (
			);
			dependencies = (
				B117572C1BD0DB6C00A2133E /* PBXTargetDependency */,
			);
			name = eCommUITests;
			productName = eCommUITests;
			productReference = B117572A1BD0DB6C00A2133E /* eCommUITests.xctest */;
			productType = "com.apple.product-type.bundle.ui-testing";
		};
/* End PBXNativeTarget section */

/* Begin PBXProject section */
		B11756FE1BD0DB6C00A2133E /* Project object */ = {
			isa = PBXProject;
			attributes = {
				LastUpgradeCheck = 0700;
				ORGANIZATIONNAME = AD;
				TargetAttributes = {
					B11757051BD0DB6C00A2133E = {
						CreatedOnToolsVersion = 7.0;
					};
					B117571E1BD0DB6C00A2133E = {
						CreatedOnToolsVersion = 7.0;
						TestTargetID = B11757051BD0DB6C00A2133E;
					};
					B11757291BD0DB6C00A2133E = {
						CreatedOnToolsVersion = 7.0;
						TestTargetID = B11757051BD0DB6C00A2133E;
					};
				};
			};
			buildConfigurationList = B11757011BD0DB6C00A2133E /* Build configuration list for PBXProject "eComm" */;
			compatibilityVersion = "Xcode 3.2";
			developmentRegion = English;
			hasScannedForEncodings = 0;
			knownRegions = (
				en,
				Base,
			);
			mainGroup = B11756FD1BD0DB6C00A2133E;
			productRefGroup = B11757071BD0DB6C00A2133E /* Products */;
			projectDirPath = "";
			projectRoot = "";
			targets = (
				B11757051BD0DB6C00A2133E /* eComm */,
				B117571E1BD0DB6C00A2133E /* eCommTests */,
				B11757291BD0DB6C00A2133E /* eCommUITests */,
			);
		};
/* End PBXProject section */

/* Begin PBXResourcesBuildPhase section */
		B11757041BD0DB6C00A2133E /* Resources */ = {
			isa = PBXResourcesBuildPhase;
			buildActionMask = 2147483647;
			files = (
				B11757191BD0DB6C00A2133E /* LaunchScreen.storyboard in Resources */,
				B11757161BD0DB6C00A2133E /* Assets.xcassets in Resources */,
				B11757141BD0DB6C00A2133E /* Main.storyboard in Resources */,
			);
			runOnlyForDeploymentPostprocessing = 0;
		};
		B117571D1BD0DB6C00A2133E /* Resources */ = {
			isa = PBXResourcesBuildPhase;
			buildActionMask = 2147483647;
			files = (
			);
			runOnlyForDeploymentPostprocessing = 0;
		};
		B11757281BD0DB6C00A2133E /* Resources */ = {
			isa = PBXResourcesBuildPhase;
			buildActionMask = 2147483647;
			files = (
			);
			runOnlyForDeploymentPostprocessing = 0;
		};
/* End PBXResourcesBuildPhase section */

/* Begin PBXShellScriptBuildPhase section */
		713A6F1B945F2D9E7CE2D558 /* Check Pods Manifest.lock */ = {
			isa = PBXShellScriptBuildPhase;
			buildActionMask = 2147483647;
			files = (
			);
			inputPaths = (
			);
			name = "Check Pods Manifest.lock";
			outputPaths = (
			);
			runOnlyForDeploymentPostprocessing = 0;
			shellPath = /bin/sh;
			shellScript = "diff \"${PODS_ROOT}/../Podfile.lock\" \"${PODS_ROOT}/Manifest.lock\" > /dev/null\nif [[ $? != 0 ]] ; then\n    cat << EOM\nerror: The sandbox is not in sync with the Podfile.lock. Run 'pod install' or update your CocoaPods installation.\nEOM\n    exit 1\nfi\n";
			showEnvVarsInLog = 0;
		};
		8BB8C226F0756B1DEE08A0FA /* Embed Pods Frameworks */ = {
			isa = PBXShellScriptBuildPhase;
			buildActionMask = 2147483647;
			files = (
			);
			inputPaths = (
			);
			name = "Embed Pods Frameworks";
			outputPaths = (
			);
			runOnlyForDeploymentPostprocessing = 0;
			shellPath = /bin/sh;
			shellScript = "\"${SRCROOT}/Pods/Target Support Files/Pods/Pods-frameworks.sh\"\n";
			showEnvVarsInLog = 0;
		};
		917B3BA5608838A2B241A160 /* Copy Pods Resources */ = {
			isa = PBXShellScriptBuildPhase;
			buildActionMask = 2147483647;
			files = (
			);
			inputPaths = (
			);
			name = "Copy Pods Resources";
			outputPaths = (
			);
			runOnlyForDeploymentPostprocessing = 0;
			shellPath = /bin/sh;
			shellScript = "\"${SRCROOT}/Pods/Target Support Files/Pods/Pods-resources.sh\"\n";
			showEnvVarsInLog = 0;
		};
/* End PBXShellScriptBuildPhase section */

/* Begin PBXSourcesBuildPhase section */
		B11757021BD0DB6C00A2133E /* Sources */ = {
			isa = PBXSourcesBuildPhase;
			buildActionMask = 2147483647;
			files = (
				B11757111BD0DB6C00A2133E /* ViewController.m in Sources */,
				B117570E1BD0DB6C00A2133E /* AppDelegate.m in Sources */,
				B117570B1BD0DB6C00A2133E /* main.m in Sources */,
			);
			runOnlyForDeploymentPostprocessing = 0;
		};
		B117571B1BD0DB6C00A2133E /* Sources */ = {
			isa = PBXSourcesBuildPhase;
			buildActionMask = 2147483647;
			files = (
				B11757241BD0DB6C00A2133E /* eCommTests.m in Sources */,
			);
			runOnlyForDeploymentPostprocessing = 0;
		};
		B11757261BD0DB6C00A2133E /* Sources */ = {
			isa = PBXSourcesBuildPhase;
			buildActionMask = 2147483647;
			files = (
				B117572F1BD0DB6C00A2133E /* eCommUITests.m in Sources */,
			);
			runOnlyForDeploymentPostprocessing = 0;
		};
/* End PBXSourcesBuildPhase section */

/* Begin PBXTargetDependency section */
		B11757211BD0DB6C00A2133E /* PBXTargetDependency */ = {
			isa = PBXTargetDependency;
			target = B11757051BD0DB6C00A2133E /* eComm */;
			targetProxy = B11757201BD0DB6C00A2133E /* PBXContainerItemProxy */;
		};
		B117572C1BD0DB6C00A2133E /* PBXTargetDependency */ = {
			isa = PBXTargetDependency;
			target = B11757051BD0DB6C00A2133E /* eComm */;
			targetProxy = B117572B1BD0DB6C00A2133E /* PBXContainerItemProxy */;
		};
/* End PBXTargetDependency section */

/* Begin PBXVariantGroup section */
		B11757121BD0DB6C00A2133E /* Main.storyboard */ = {
			isa = PBXVariantGroup;
			children = (
				B11757131BD0DB6C00A2133E /* Base */,
			);
			name = Main.storyboard;
			sourceTree = "<group>";
		};
		B11757171BD0DB6C00A2133E /* LaunchScreen.storyboard */ = {
			isa = PBXVariantGroup;
			children = (
				B11757181BD0DB6C00A2133E /* Base */,
			);
			name = LaunchScreen.storyboard;
			sourceTree = "<group>";
		};
/* End PBXVariantGroup section */

/* Begin XCBuildConfiguration section */
		B11757311BD0DB6C00A2133E /* Debug */ = {
			isa = XCBuildConfiguration;
			buildSettings = {
				ALWAYS_SEARCH_USER_PATHS = NO;
				CLANG_CXX_LANGUAGE_STANDARD = "gnu++0x";
				CLANG_CXX_LIBRARY = "libc++";
				CLANG_ENABLE_MODULES = YES;
				CLANG_ENABLE_OBJC_ARC = YES;
				CLANG_WARN_BOOL_CONVERSION = YES;
				CLANG_WARN_CONSTANT_CONVERSION = YES;
				CLANG_WARN_DIRECT_OBJC_ISA_USAGE = YES_ERROR;
				CLANG_WARN_EMPTY_BODY = YES;
				CLANG_WARN_ENUM_CONVERSION = YES;
				CLANG_WARN_INT_CONVERSION = YES;
				CLANG_WARN_OBJC_ROOT_CLASS = YES_ERROR;
				CLANG_WARN_UNREACHABLE_CODE = YES;
				CLANG_WARN__DUPLICATE_METHOD_MATCH = YES;
				"CODE_SIGN_IDENTITY[sdk=iphoneos*]" = "iPhone Developer";
				COPY_PHASE_STRIP = NO;
				DEBUG_INFORMATION_FORMAT = dwarf;
				ENABLE_STRICT_OBJC_MSGSEND = YES;
				ENABLE_TESTABILITY = YES;
				GCC_C_LANGUAGE_STANDARD = gnu99;
				GCC_DYNAMIC_NO_PIC = NO;
				GCC_NO_COMMON_BLOCKS = YES;
				GCC_OPTIMIZATION_LEVEL = 0;
				GCC_PREPROCESSOR_DEFINITIONS = (
					"DEBUG=1",
					"$(inherited)",
				);
				GCC_WARN_64_TO_32_BIT_CONVERSION = YES;
				GCC_WARN_ABOUT_RETURN_TYPE = YES_ERROR;
				GCC_WARN_UNDECLARED_SELECTOR = YES;
				GCC_WARN_UNINITIALIZED_AUTOS = YES_AGGRESSIVE;
				GCC_WARN_UNUSED_FUNCTION = YES;
				GCC_WARN_UNUSED_VARIABLE = YES;
				IPHONEOS_DEPLOYMENT_TARGET = 9.0;
				MTL_ENABLE_DEBUG_INFO = YES;
				ONLY_ACTIVE_ARCH = YES;
				SDKROOT = iphoneos;
			};
			name = Debug;
		};
		B11757321BD0DB6C00A2133E /* Release */ = {
			isa = XCBuildConfiguration;
			buildSettings = {
				ALWAYS_SEARCH_USER_PATHS = NO;
				CLANG_CXX_LANGUAGE_STANDARD = "gnu++0x";
				CLANG_CXX_LIBRARY = "libc++";
				CLANG_ENABLE_MODULES = YES;
				CLANG_ENABLE_OBJC_ARC = YES;
				CLANG_WARN_BOOL_CONVERSION = YES;
				CLANG_WARN_CONSTANT_CONVERSION = YES;
				CLANG_WARN_DIRECT_OBJC_ISA_USAGE = YES_ERROR;
				CLANG_WARN_EMPTY_BODY = YES;
				CLANG_WARN_ENUM_CONVERSION = YES;
				CLANG_WARN_INT_CONVERSION = YES;
				CLANG_WARN_OBJC_ROOT_CLASS = YES_ERROR;
				CLANG_WARN_UNREACHABLE_CODE = YES;
				CLANG_WARN__DUPLICATE_METHOD_MATCH = YES;
				"CODE_SIGN_IDENTITY[sdk=iphoneos*]" = "iPhone Developer";
				COPY_PHASE_STRIP = NO;
				DEBUG_INFORMATION_FORMAT = "dwarf-with-dsym";
				ENABLE_NS_ASSERTIONS = NO;
				ENABLE_STRICT_OBJC_MSGSEND = YES;
				GCC_C_LANGUAGE_STANDARD = gnu99;
				GCC_NO_COMMON_BLOCKS = YES;
				GCC_WARN_64_TO_32_BIT_CONVERSION = YES;
				GCC_WARN_ABOUT_RETURN_TYPE = YES_ERROR;
				GCC_WARN_UNDECLARED_SELECTOR = YES;
				GCC_WARN_UNINITIALIZED_AUTOS = YES_AGGRESSIVE;
				GCC_WARN_UNUSED_FUNCTION = YES;
				GCC_WARN_UNUSED_VARIABLE = YES;
				IPHONEOS_DEPLOYMENT_TARGET = 9.0;
				MTL_ENABLE_DEBUG_INFO = NO;
				SDKROOT = iphoneos;
				VALIDATE_PRODUCT = YES;
			};
			name = Release;
		};
		B11757341BD0DB6C00A2133E /* Debug */ = {
			isa = XCBuildConfiguration;
			baseConfigurationReference = C4EB6CB2D5FE7FD59168C46A /* Pods.debug.xcconfig */;
			buildSettings = {
				ASSETCATALOG_COMPILER_APPICON_NAME = AppIcon;
				INFOPLIST_FILE = eComm/Info.plist;
				IPHONEOS_DEPLOYMENT_TARGET = 8.0;
				LD_RUNPATH_SEARCH_PATHS = "$(inherited) @executable_path/Frameworks";
				PRODUCT_BUNDLE_IDENTIFIER = DSH.eComm;
				PRODUCT_NAME = "$(TARGET_NAME)";
			};
			name = Debug;
		};
		B11757351BD0DB6C00A2133E /* Release */ = {
			isa = XCBuildConfiguration;
			baseConfigurationReference = 7D01EFFD849BB92341BF4D13 /* Pods.release.xcconfig */;
			buildSettings = {
				ASSETCATALOG_COMPILER_APPICON_NAME = AppIcon;
				INFOPLIST_FILE = eComm/Info.plist;
				IPHONEOS_DEPLOYMENT_TARGET = 8.0;
				LD_RUNPATH_SEARCH_PATHS = "$(inherited) @executable_path/Frameworks";
				PRODUCT_BUNDLE_IDENTIFIER = DSH.eComm;
				PRODUCT_NAME = "$(TARGET_NAME)";
			};
			name = Release;
		};
		B11757371BD0DB6C00A2133E /* Debug */ = {
			isa = XCBuildConfiguration;
			buildSettings = {
				BUNDLE_LOADER = "$(TEST_HOST)";
				INFOPLIST_FILE = eCommTests/Info.plist;
				LD_RUNPATH_SEARCH_PATHS = "$(inherited) @executable_path/Frameworks @loader_path/Frameworks";
				PRODUCT_BUNDLE_IDENTIFIER = DSH.eCommTests;
				PRODUCT_NAME = "$(TARGET_NAME)";
				TEST_HOST = "$(BUILT_PRODUCTS_DIR)/eComm.app/eComm";
			};
			name = Debug;
		};
		B11757381BD0DB6C00A2133E /* Release */ = {
			isa = XCBuildConfiguration;
			buildSettings = {
				BUNDLE_LOADER = "$(TEST_HOST)";
				INFOPLIST_FILE = eCommTests/Info.plist;
				LD_RUNPATH_SEARCH_PATHS = "$(inherited) @executable_path/Frameworks @loader_path/Frameworks";
				PRODUCT_BUNDLE_IDENTIFIER = DSH.eCommTests;
				PRODUCT_NAME = "$(TARGET_NAME)";
				TEST_HOST = "$(BUILT_PRODUCTS_DIR)/eComm.app/eComm";
			};
			name = Release;
		};
		B117573A1BD0DB6C00A2133E /* Debug */ = {
			isa = XCBuildConfiguration;
			buildSettings = {
				INFOPLIST_FILE = eCommUITests/Info.plist;
				LD_RUNPATH_SEARCH_PATHS = "$(inherited) @executable_path/Frameworks @loader_path/Frameworks";
				PRODUCT_BUNDLE_IDENTIFIER = DSH.eCommUITests;
				PRODUCT_NAME = "$(TARGET_NAME)";
				TEST_TARGET_NAME = eComm;
				USES_XCTRUNNER = YES;
			};
			name = Debug;
		};
		B117573B1BD0DB6C00A2133E /* Release */ = {
			isa = XCBuildConfiguration;
			buildSettings = {
				INFOPLIST_FILE = eCommUITests/Info.plist;
				LD_RUNPATH_SEARCH_PATHS = "$(inherited) @executable_path/Frameworks @loader_path/Frameworks";
				PRODUCT_BUNDLE_IDENTIFIER = DSH.eCommUITests;
				PRODUCT_NAME = "$(TARGET_NAME)";
				TEST_TARGET_NAME = eComm;
				USES_XCTRUNNER = YES;
			};
			name = Release;
		};
/* End XCBuildConfiguration section */

/* Begin XCConfigurationList section */
		B11757011BD0DB6C00A2133E /* Build configuration list for PBXProject "eComm" */ = {
			isa = XCConfigurationList;
			buildConfigurations = (
				B11757311BD0DB6C00A2133E /* Debug */,
				B11757321BD0DB6C00A2133E /* Release */,
			);
			defaultConfigurationIsVisible = 0;
			defaultConfigurationName = Release;
		};
		B11757331BD0DB6C00A2133E /* Build configuration list for PBXNativeTarget "eComm" */ = {
			isa = XCConfigurationList;
			buildConfigurations = (
				B11757341BD0DB6C00A2133E /* Debug */,
				B11757351BD0DB6C00A2133E /* Release */,
			);
			defaultConfigurationIsVisible = 0;
			defaultConfigurationName = Release;
		};
		B11757361BD0DB6C00A2133E /* Build configuration list for PBXNativeTarget "eCommTests" */ = {
			isa = XCConfigurationList;
			buildConfigurations = (
				B11757371BD0DB6C00A2133E /* Debug */,
				B11757381BD0DB6C00A2133E /* Release */,
			);
			defaultConfigurationIsVisible = 0;
			defaultConfigurationName = Release;
		};
		B11757391BD0DB6C00A2133E /* Build configuration list for PBXNativeTarget "eCommUITests" */ = {
			isa = XCConfigurationList;
			buildConfigurations = (
				B117573A1BD0DB6C00A2133E /* Debug */,
				B117573B1BD0DB6C00A2133E /* Release */,
			);
			defaultConfigurationIsVisible = 0;
			defaultConfigurationName = Release;
		};
/* End XCConfigurationList section */
	};
	rootObject = B11756FE1BD0DB6C00A2133E /* Project object */;
}
